{
  "name": "haveno-alert",
  "version": "1.0.0",
  "lockfileVersion": 3,
  "requires": true,
  "packages": {
    "": {
      "name": "haveno-alert",
      "version": "1.0.0",
      "license": "AGPL-3.0-only",
      "dependencies": {
        "haveno-ts": "^0.0.33"
      }
    },
    "node_modules/@fastify/busboy": {
      "version": "2.1.1",
      "resolved": "https://registry.npmjs.org/@fastify/busboy/-/busboy-2.1.1.tgz",
      "integrity": "sha512-vBZP4NlzfOlerQTnba4aqZoMhE/a9HY7HRqoOPaETQcSQuWEIyZMHGfVu6w9wGtGK5fED5qRs2DteVCjOH60sA==",
      "license": "MIT",
      "engines": {
        "node": ">=14"
      }
    },
    "node_modules/@types/node": {
      "version": "18.19.84",
      "resolved": "https://registry.npmjs.org/@types/node/-/node-18.19.84.tgz",
      "integrity": "sha512-ACYy2HGcZPHxEeWTqowTF7dhXN+JU1o7Gr4b41klnn6pj2LD6rsiGqSZojMdk1Jh2ys3m76ap+ae1vvE4+5+vg==",
      "license": "MIT",
      "dependencies": {
        "undici-types": "~5.26.4"
      }
    },
    "node_modules/console": {
      "version": "0.7.2",
      "resolved": "https://registry.npmjs.org/console/-/console-0.7.2.tgz",
      "integrity": "sha512-+JSDwGunA4MTEgAV/4VBKwUHonP8CzJ/6GIuwPi6acKFqFfHUdSGCm89ZxZ5FfGWdZfkdgAroy5bJ5FSeN/t4g==",
      "license": "MIT"
    },
    "node_modules/decimal.js": {
      "version": "10.5.0",
      "resolved": "https://registry.npmjs.org/decimal.js/-/decimal.js-10.5.0.tgz",
      "integrity": "sha512-8vDa8Qxvr/+d94hSh5P3IJwI5t8/c0KsMp+g8bNw9cY2icONa5aPfvKeieW1WlG0WQYwwhJ7mjui2xtiePQSXw==",
      "license": "MIT"
    },
    "node_modules/google-protobuf": {
      "version": "3.21.4",
      "resolved": "https://registry.npmjs.org/google-protobuf/-/google-protobuf-3.21.4.tgz",
      "integrity": "sha512-MnG7N936zcKTco4Jd2PX2U96Kf9PxygAPKBug+74LHzmHXmceN16MmRcdgZv+DGef/S9YvQAfRsNCn4cjf9yyQ==",
      "license": "(BSD-3-Clause AND Apache-2.0)"
    },
    "node_modules/grpc-web": {
      "version": "1.5.0",
      "resolved": "https://registry.npmjs.org/grpc-web/-/grpc-web-1.5.0.tgz",
      "integrity": "sha512-y1tS3BBIoiVSzKTDF3Hm7E8hV2n7YY7pO0Uo7depfWJqKzWE+SKr0jvHNIJsJJYILQlpYShpi/DRJJMbosgDMQ==",
      "license": "Apache-2.0"
    },
    "node_modules/haveno-ts": {
      "version": "0.0.33",
      "resolved": "https://registry.npmjs.org/haveno-ts/-/haveno-ts-0.0.33.tgz",
      "integrity": "sha512-op6voajwITMUBNcBm42/ivtpX1qhD98u95kMiXA4wi0rC0nQ5cUmEVoAabxBwYMq/OEnyj8wCzDZcVGt7T0z8w==",
      "license": "Apache-2.0",
      "dependencies": {
        "@types/node": "^18.14.2",
        "console": "^0.7.2",
        "decimal.js": "^10.4.3",
        "google-protobuf": "^3.21.4",
        "grpc-web": "^1.5.0",
        "node-xmlhttprequest": "^1.0.6"
      }
    },
    "node_modules/node-xmlhttprequest": {
      "version": "1.0.6",
      "resolved": "https://registry.npmjs.org/node-xmlhttprequest/-/node-xmlhttprequest-1.0.6.tgz",
      "integrity": "sha512-wBcHLcDg0oIyRQNKwPzyF+W5/eqwbvPM6Tbaz9E8lTBN/7OVMGaLTWYkL69Tt8eo6JyjoPtoAaVtZYcNIfRKvw==",
      "license": "MIT",
      "dependencies": {
        "undici": "6.6.2"
      }
    },
    "node_modules/undici": {
      "version": "6.6.2",
      "resolved": "https://registry.npmjs.org/undici/-/undici-6.6.2.tgz",
      "integrity": "sha512-vSqvUE5skSxQJ5sztTZ/CdeJb1Wq0Hf44hlYMciqHghvz+K88U0l7D6u1VsndoFgskDcnU+nG3gYmMzJVzd9Qg==",
      "license": "MIT",
      "dependencies": {
        "@fastify/busboy": "^2.0.0"
      },
      "engines": {
        "node": ">=18.0"
      }
    },
    "node_modules/undici-types": {
      "version": "5.26.5",
      "resolved": "https://registry.npmjs.org/undici-types/-/undici-types-5.26.5.tgz",
      "integrity": "sha512-JlCMO+ehdEIKqlFxk6IfVoAUVmgz7cU7zD/h9XZ0qzeosSHmUJVOzSQvvYSYWXkFXC+IfLKSIffhv0sVZup6pA==",
      "license": "MIT"
    }
  }
}
